
Microsoft Visual Studio Solution File, Format Version 12.00
# Visual Studio Version 17
VisualStudioVersion = 17.4.33205.214
MinimumVisualStudioVersion = 10.0.40219.1
Project("{9A19103F-16F7-4668-BE54-9A1E7A4F7556}") = "Ajuna.SAGE.Game", "Ajuna.SAGE.Game\Ajuna.SAGE.Game.csproj", "{E1691560-6D9F-49A3-A29B-1644CC8F60FB}"
EndProject
Project("{9A19103F-16F7-4668-BE54-9A1E7A4F7556}") = "Ajuna.SAGE.Game.Test", "Ajuna.SAGE.Game.Test\Ajuna.SAGE.Game.Test.csproj", "{D9C11132-F7DA-476A-87B5-36C34E3C6435}"
EndProject
Project("{9A19103F-16F7-4668-BE54-9A1E7A4F7556}") = "Ajuna.SAGE.Generic", "Ajuna.SAGE.Generic\Ajuna.SAGE.Generic.csproj", "{A3BE5D7D-8B1F-45D4-955A-A747BB1AFC34}"
EndProject
Project("{9A19103F-16F7-4668-BE54-9A1E7A4F7556}") = "Ajuna.SAGE.Game.CasinoJam", "Ajuna.SAGE.Game.CasinoJam\Ajuna.SAGE.Game.CasinoJam.csproj", "{657EB263-8B2C-4C48-A811-085F6E377A10}"
EndProject
Project("{9A19103F-16F7-4668-BE54-9A1E7A4F7556}") = "Ajuna.SAGE.Game.CasinoJam.Test", "Ajuna.SAGE.Game.CasinoJam.Test\Ajuna.SAGE.Game.CasinoJam.Test.csproj", "{D1636A4A-98E6-4D76-BC34-ED3808A33C75}"
EndProject
Project("{FAE04EC0-301F-11D3-BF4B-00C04F79EFBC}") = "Substrate.AjunaSolo.NET.NetApiExt", "Substrate.AjunaSolo.NET\Substrate.AjunaSolo.NET.NetApiExt\Substrate.AjunaSolo.NET.NetApiExt.csproj", "{6394D9C7-44D9-48D0-978F-0EDB5D2F5B77}"
EndProject
Project("{FAE04EC0-301F-11D3-BF4B-00C04F79EFBC}") = "Ajuna.SAGE.SDK", "Ajuna.SAGE.SDK\Ajuna.SAGE.SDK.csproj", "{E0BB2403-3273-4309-A6FC-C384B5D4D383}"
EndProject
Project("{FAE04EC0-301F-11D3-BF4B-00C04F79EFBC}") = "Ajuna.SAGE.SDK.CasinoJam.Test", "Ajuna.SAGE.SDK.CasinoJam.Test\Ajuna.SAGE.SDK.CasinoJam.Test.csproj", "{92F0820F-8C5D-4563-BDDB-C6652150E91A}"
EndProject
Global
	GlobalSection(SolutionConfigurationPlatforms) = preSolution
		Debug|Any CPU = Debug|Any CPU
		Release|Any CPU = Release|Any CPU
	EndGlobalSection
	GlobalSection(ProjectConfigurationPlatforms) = postSolution
		{E1691560-6D9F-49A3-A29B-1644CC8F60FB}.Debug|Any CPU.ActiveCfg = Debug|Any CPU
		{E1691560-6D9F-49A3-A29B-1644CC8F60FB}.Debug|Any CPU.Build.0 = Debug|Any CPU
		{E1691560-6D9F-49A3-A29B-1644CC8F60FB}.Release|Any CPU.ActiveCfg = Release|Any CPU
		{E1691560-6D9F-49A3-A29B-1644CC8F60FB}.Release|Any CPU.Build.0 = Release|Any CPU
		{D9C11132-F7DA-476A-87B5-36C34E3C6435}.Debug|Any CPU.ActiveCfg = Debug|Any CPU
		{D9C11132-F7DA-476A-87B5-36C34E3C6435}.Debug|Any CPU.Build.0 = Debug|Any CPU
		{D9C11132-F7DA-476A-87B5-36C34E3C6435}.Release|Any CPU.ActiveCfg = Release|Any CPU
		{D9C11132-F7DA-476A-87B5-36C34E3C6435}.Release|Any CPU.Build.0 = Release|Any CPU
		{A3BE5D7D-8B1F-45D4-955A-A747BB1AFC34}.Debug|Any CPU.ActiveCfg = Debug|Any CPU
		{A3BE5D7D-8B1F-45D4-955A-A747BB1AFC34}.Debug|Any CPU.Build.0 = Debug|Any CPU
		{A3BE5D7D-8B1F-45D4-955A-A747BB1AFC34}.Release|Any CPU.ActiveCfg = Release|Any CPU
		{A3BE5D7D-8B1F-45D4-955A-A747BB1AFC34}.Release|Any CPU.Build.0 = Release|Any CPU
		{657EB263-8B2C-4C48-A811-085F6E377A10}.Debug|Any CPU.ActiveCfg = Debug|Any CPU
		{657EB263-8B2C-4C48-A811-085F6E377A10}.Debug|Any CPU.Build.0 = Debug|Any CPU
		{657EB263-8B2C-4C48-A811-085F6E377A10}.Release|Any CPU.ActiveCfg = Release|Any CPU
		{657EB263-8B2C-4C48-A811-085F6E377A10}.Release|Any CPU.Build.0 = Release|Any CPU
		{D1636A4A-98E6-4D76-BC34-ED3808A33C75}.Debug|Any CPU.ActiveCfg = Debug|Any CPU
		{D1636A4A-98E6-4D76-BC34-ED3808A33C75}.Debug|Any CPU.Build.0 = Debug|Any CPU
		{D1636A4A-98E6-4D76-BC34-ED3808A33C75}.Release|Any CPU.ActiveCfg = Release|Any CPU
		{D1636A4A-98E6-4D76-BC34-ED3808A33C75}.Release|Any CPU.Build.0 = Release|Any CPU
		{6394D9C7-44D9-48D0-978F-0EDB5D2F5B77}.Debug|Any CPU.ActiveCfg = Debug|Any CPU
		{6394D9C7-44D9-48D0-978F-0EDB5D2F5B77}.Debug|Any CPU.Build.0 = Debug|Any CPU
		{6394D9C7-44D9-48D0-978F-0EDB5D2F5B77}.Release|Any CPU.ActiveCfg = Release|Any CPU
		{6394D9C7-44D9-48D0-978F-0EDB5D2F5B77}.Release|Any CPU.Build.0 = Release|Any CPU
		{E0BB2403-3273-4309-A6FC-C384B5D4D383}.Debug|Any CPU.ActiveCfg = Debug|Any CPU
		{E0BB2403-3273-4309-A6FC-C384B5D4D383}.Debug|Any CPU.Build.0 = Debug|Any CPU
		{E0BB2403-3273-4309-A6FC-C384B5D4D383}.Release|Any CPU.ActiveCfg = Release|Any CPU
		{E0BB2403-3273-4309-A6FC-C384B5D4D383}.Release|Any CPU.Build.0 = Release|Any CPU
		{92F0820F-8C5D-4563-BDDB-C6652150E91A}.Debug|Any CPU.ActiveCfg = Debug|Any CPU
		{92F0820F-8C5D-4563-BDDB-C6652150E91A}.Debug|Any CPU.Build.0 = Debug|Any CPU
		{92F0820F-8C5D-4563-BDDB-C6652150E91A}.Release|Any CPU.ActiveCfg = Release|Any CPU
		{92F0820F-8C5D-4563-BDDB-C6652150E91A}.Release|Any CPU.Build.0 = Release|Any CPU
	EndGlobalSection
	GlobalSection(SolutionProperties) = preSolution
		HideSolutionNode = FALSE
	EndGlobalSection
	GlobalSection(ExtensibilityGlobals) = postSolution
		SolutionGuid = {3714ECB0-2825-4D86-930B-B4D5F4299A09}
	EndGlobalSection
EndGlobal
